
Microsoft Visual Studio Solution File, Format Version 12.00
# Visual Studio Version 17
VisualStudioVersion = 17.3.32929.385
MinimumVisualStudioVersion = 10.0.40219.1
Project("{8BC9CEB8-8B4A-11D0-8D11-00A0C91BC942}") = "교안1", "codingTest_Inflearn_큰돌\codingTest_Inflearn_큰돌.vcxproj", "{73161CAE-439A-489B-831C-5DD68E8683B6}"
EndProject
Project("{8BC9CEB8-8B4A-11D0-8D11-00A0C91BC942}") = "교안2", "교안2\교안2.vcxproj", "{7BA48A63-7A1A-4992-8468-8813E4B3674D}"
EndProject
Project("{8BC9CEB8-8B4A-11D0-8D11-00A0C91BC942}") = "교안3", "교안3\교안3.vcxproj", "{912F66B2-8453-4571-9211-18818AD80621}"
EndProject
Project("{8BC9CEB8-8B4A-11D0-8D11-00A0C91BC942}") = "교안4", "교안4\교안4.vcxproj", "{3AFB0175-5B93-4C60-AB69-F0E40A25B1CC}"
EndProject
Project("{8BC9CEB8-8B4A-11D0-8D11-00A0C91BC942}") = "삼성동계2", "삼성동계\삼성동계.vcxproj", "{976DFA8E-F2D0-48D5-AC6A-E00D13D01130}"
EndProject
Project("{8BC9CEB8-8B4A-11D0-8D11-00A0C91BC942}") = "교안5", "교안5\교안5.vcxproj", "{9CDF28B5-AE0B-4B99-A328-2B808014C2AD}"
EndProject
Project("{8BC9CEB8-8B4A-11D0-8D11-00A0C91BC942}") = "교안6", "교안6\교안6.vcxproj", "{1D3278FA-0CB5-448F-8657-DEB04CB795EC}"
EndProject
Project("{8BC9CEB8-8B4A-11D0-8D11-00A0C91BC942}") = "교안7", "교안7\교안7.vcxproj", "{FA4B3C53-EC54-48C1-AAAE-2AEC310B80EB}"
EndProject
Project("{8BC9CEB8-8B4A-11D0-8D11-00A0C91BC942}") = "교안8", "교안8\교안8.vcxproj", "{0A271175-624C-4D1E-8DDB-CCC4F83DFAEA}"
EndProject
Project("{8BC9CEB8-8B4A-11D0-8D11-00A0C91BC942}") = "교안9", "교안9\교안9.vcxproj", "{8495AD5D-D3E8-406B-B458-EE694553F845}"
EndProject
Project("{8BC9CEB8-8B4A-11D0-8D11-00A0C91BC942}") = "교안10", "교안10\교안10.vcxproj", "{00C45E40-6C42-4085-B55D-5749283EBCFB}"
EndProject
Project("{8BC9CEB8-8B4A-11D0-8D11-00A0C91BC942}") = "교안11", "교안11\교안11.vcxproj", "{2C833D9A-384D-4EFB-9337-45AD379EC959}"
EndProject
Project("{8BC9CEB8-8B4A-11D0-8D11-00A0C91BC942}") = "교안12", "교안12\교안12.vcxproj", "{0039CA90-6AD7-4C9D-A4FF-9579B7122BCE}"
EndProject
Project("{8BC9CEB8-8B4A-11D0-8D11-00A0C91BC942}") = "교안13", "교안13\교안13.vcxproj", "{0CD0F18E-B907-4E79-9F08-D702CAD980C2}"
EndProject
Project("{8BC9CEB8-8B4A-11D0-8D11-00A0C91BC942}") = "교안14", "교안14\교안14.vcxproj", "{625D5910-6CB1-4F3E-90ED-C0FACAD98B93}"
EndProject
Project("{8BC9CEB8-8B4A-11D0-8D11-00A0C91BC942}") = "교안15", "교안15\교안15.vcxproj", "{28BE6483-FF46-424E-90D2-AAB266FB7427}"
EndProject
Project("{8BC9CEB8-8B4A-11D0-8D11-00A0C91BC942}") = "교안16", "교안16\교안16.vcxproj", "{CD8C1017-C381-4685-BC57-002469919736}"
EndProject
Project("{8BC9CEB8-8B4A-11D0-8D11-00A0C91BC942}") = "교안17", "memo17\memo17.vcxproj", "{5E60A172-D329-44A0-8AE3-09305BC8FBE7}"
EndProject
Global
	GlobalSection(SolutionConfigurationPlatforms) = preSolution
		Debug|x64 = Debug|x64
		Debug|x86 = Debug|x86
		Release|x64 = Release|x64
		Release|x86 = Release|x86
	EndGlobalSection
	GlobalSection(ProjectConfigurationPlatforms) = postSolution
		{73161CAE-439A-489B-831C-5DD68E8683B6}.Debug|x64.ActiveCfg = Debug|x64
		{73161CAE-439A-489B-831C-5DD68E8683B6}.Debug|x64.Build.0 = Debug|x64
		{73161CAE-439A-489B-831C-5DD68E8683B6}.Debug|x86.ActiveCfg = Debug|Win32
		{73161CAE-439A-489B-831C-5DD68E8683B6}.Debug|x86.Build.0 = Debug|Win32
		{73161CAE-439A-489B-831C-5DD68E8683B6}.Release|x64.ActiveCfg = Release|x64
		{73161CAE-439A-489B-831C-5DD68E8683B6}.Release|x64.Build.0 = Release|x64
		{73161CAE-439A-489B-831C-5DD68E8683B6}.Release|x86.ActiveCfg = Release|Win32
		{73161CAE-439A-489B-831C-5DD68E8683B6}.Release|x86.Build.0 = Release|Win32
		{7BA48A63-7A1A-4992-8468-8813E4B3674D}.Debug|x64.ActiveCfg = Debug|x64
		{7BA48A63-7A1A-4992-8468-8813E4B3674D}.Debug|x64.Build.0 = Debug|x64
		{7BA48A63-7A1A-4992-8468-8813E4B3674D}.Debug|x86.ActiveCfg = Debug|Win32
		{7BA48A63-7A1A-4992-8468-8813E4B3674D}.Debug|x86.Build.0 = Debug|Win32
		{7BA48A63-7A1A-4992-8468-8813E4B3674D}.Release|x64.ActiveCfg = Release|x64
		{7BA48A63-7A1A-4992-8468-8813E4B3674D}.Release|x64.Build.0 = Release|x64
		{7BA48A63-7A1A-4992-8468-8813E4B3674D}.Release|x86.ActiveCfg = Release|Win32
		{7BA48A63-7A1A-4992-8468-8813E4B3674D}.Release|x86.Build.0 = Release|Win32
		{912F66B2-8453-4571-9211-18818AD80621}.Debug|x64.ActiveCfg = Debug|x64
		{912F66B2-8453-4571-9211-18818AD80621}.Debug|x64.Build.0 = Debug|x64
		{912F66B2-8453-4571-9211-18818AD80621}.Debug|x86.ActiveCfg = Debug|Win32
		{912F66B2-8453-4571-9211-18818AD80621}.Debug|x86.Build.0 = Debug|Win32
		{912F66B2-8453-4571-9211-18818AD80621}.Release|x64.ActiveCfg = Release|x64
		{912F66B2-8453-4571-9211-18818AD80621}.Release|x64.Build.0 = Release|x64
		{912F66B2-8453-4571-9211-18818AD80621}.Release|x86.ActiveCfg = Release|Win32
		{912F66B2-8453-4571-9211-18818AD80621}.Release|x86.Build.0 = Release|Win32
		{3AFB0175-5B93-4C60-AB69-F0E40A25B1CC}.Debug|x64.ActiveCfg = Debug|x64
		{3AFB0175-5B93-4C60-AB69-F0E40A25B1CC}.Debug|x64.Build.0 = Debug|x64
		{3AFB0175-5B93-4C60-AB69-F0E40A25B1CC}.Debug|x86.ActiveCfg = Debug|Win32
		{3AFB0175-5B93-4C60-AB69-F0E40A25B1CC}.Debug|x86.Build.0 = Debug|Win32
		{3AFB0175-5B93-4C60-AB69-F0E40A25B1CC}.Release|x64.ActiveCfg = Release|x64
		{3AFB0175-5B93-4C60-AB69-F0E40A25B1CC}.Release|x64.Build.0 = Release|x64
		{3AFB0175-5B93-4C60-AB69-F0E40A25B1CC}.Release|x86.ActiveCfg = Release|Win32
		{3AFB0175-5B93-4C60-AB69-F0E40A25B1CC}.Release|x86.Build.0 = Release|Win32
		{976DFA8E-F2D0-48D5-AC6A-E00D13D01130}.Debug|x64.ActiveCfg = Debug|x64
		{976DFA8E-F2D0-48D5-AC6A-E00D13D01130}.Debug|x64.Build.0 = Debug|x64
		{976DFA8E-F2D0-48D5-AC6A-E00D13D01130}.Debug|x86.ActiveCfg = Debug|Win32
		{976DFA8E-F2D0-48D5-AC6A-E00D13D01130}.Debug|x86.Build.0 = Debug|Win32
		{976DFA8E-F2D0-48D5-AC6A-E00D13D01130}.Release|x64.ActiveCfg = Release|x64
		{976DFA8E-F2D0-48D5-AC6A-E00D13D01130}.Release|x64.Build.0 = Release|x64
		{976DFA8E-F2D0-48D5-AC6A-E00D13D01130}.Release|x86.ActiveCfg = Release|Win32
		{976DFA8E-F2D0-48D5-AC6A-E00D13D01130}.Release|x86.Build.0 = Release|Win32
		{9CDF28B5-AE0B-4B99-A328-2B808014C2AD}.Debug|x64.ActiveCfg = Debug|x64
		{9CDF28B5-AE0B-4B99-A328-2B808014C2AD}.Debug|x64.Build.0 = Debug|x64
		{9CDF28B5-AE0B-4B99-A328-2B808014C2AD}.Debug|x86.ActiveCfg = Debug|Win32
		{9CDF28B5-AE0B-4B99-A328-2B808014C2AD}.Debug|x86.Build.0 = Debug|Win32
		{9CDF28B5-AE0B-4B99-A328-2B808014C2AD}.Release|x64.ActiveCfg = Release|x64
		{9CDF28B5-AE0B-4B99-A328-2B808014C2AD}.Release|x64.Build.0 = Release|x64
		{9CDF28B5-AE0B-4B99-A328-2B808014C2AD}.Release|x86.ActiveCfg = Release|Win32
		{9CDF28B5-AE0B-4B99-A328-2B808014C2AD}.Release|x86.Build.0 = Release|Win32
		{1D3278FA-0CB5-448F-8657-DEB04CB795EC}.Debug|x64.ActiveCfg = Debug|x64
		{1D3278FA-0CB5-448F-8657-DEB04CB795EC}.Debug|x64.Build.0 = Debug|x64
		{1D3278FA-0CB5-448F-8657-DEB04CB795EC}.Debug|x86.ActiveCfg = Debug|Win32
		{1D3278FA-0CB5-448F-8657-DEB04CB795EC}.Debug|x86.Build.0 = Debug|Win32
		{1D3278FA-0CB5-448F-8657-DEB04CB795EC}.Release|x64.ActiveCfg = Release|x64
		{1D3278FA-0CB5-448F-8657-DEB04CB795EC}.Release|x64.Build.0 = Release|x64
		{1D3278FA-0CB5-448F-8657-DEB04CB795EC}.Release|x86.ActiveCfg = Release|Win32
		{1D3278FA-0CB5-448F-8657-DEB04CB795EC}.Release|x86.Build.0 = Release|Win32
		{FA4B3C53-EC54-48C1-AAAE-2AEC310B80EB}.Debug|x64.ActiveCfg = Debug|x64
		{FA4B3C53-EC54-48C1-AAAE-2AEC310B80EB}.Debug|x64.Build.0 = Debug|x64
		{FA4B3C53-EC54-48C1-AAAE-2AEC310B80EB}.Debug|x86.ActiveCfg = Debug|Win32
		{FA4B3C53-EC54-48C1-AAAE-2AEC310B80EB}.Debug|x86.Build.0 = Debug|Win32
		{FA4B3C53-EC54-48C1-AAAE-2AEC310B80EB}.Release|x64.ActiveCfg = Release|x64
		{FA4B3C53-EC54-48C1-AAAE-2AEC310B80EB}.Release|x64.Build.0 = Release|x64
		{FA4B3C53-EC54-48C1-AAAE-2AEC310B80EB}.Release|x86.ActiveCfg = Release|Win32
		{FA4B3C53-EC54-48C1-AAAE-2AEC310B80EB}.Release|x86.Build.0 = Release|Win32
		{0A271175-624C-4D1E-8DDB-CCC4F83DFAEA}.Debug|x64.ActiveCfg = Debug|x64
		{0A271175-624C-4D1E-8DDB-CCC4F83DFAEA}.Debug|x64.Build.0 = Debug|x64
		{0A271175-624C-4D1E-8DDB-CCC4F83DFAEA}.Debug|x86.ActiveCfg = Debug|Win32
		{0A271175-624C-4D1E-8DDB-CCC4F83DFAEA}.Debug|x86.Build.0 = Debug|Win32
		{0A271175-624C-4D1E-8DDB-CCC4F83DFAEA}.Release|x64.ActiveCfg = Release|x64
		{0A271175-624C-4D1E-8DDB-CCC4F83DFAEA}.Release|x64.Build.0 = Release|x64
		{0A271175-624C-4D1E-8DDB-CCC4F83DFAEA}.Release|x86.ActiveCfg = Release|Win32
		{0A271175-624C-4D1E-8DDB-CCC4F83DFAEA}.Release|x86.Build.0 = Release|Win32
		{8495AD5D-D3E8-406B-B458-EE694553F845}.Debug|x64.ActiveCfg = Debug|x64
		{8495AD5D-D3E8-406B-B458-EE694553F845}.Debug|x64.Build.0 = Debug|x64
		{8495AD5D-D3E8-406B-B458-EE694553F845}.Debug|x86.ActiveCfg = Debug|Win32
		{8495AD5D-D3E8-406B-B458-EE694553F845}.Debug|x86.Build.0 = Debug|Win32
		{8495AD5D-D3E8-406B-B458-EE694553F845}.Release|x64.ActiveCfg = Release|x64
		{8495AD5D-D3E8-406B-B458-EE694553F845}.Release|x64.Build.0 = Release|x64
		{8495AD5D-D3E8-406B-B458-EE694553F845}.Release|x86.ActiveCfg = Release|Win32
		{8495AD5D-D3E8-406B-B458-EE694553F845}.Release|x86.Build.0 = Release|Win32
		{00C45E40-6C42-4085-B55D-5749283EBCFB}.Debug|x64.ActiveCfg = Debug|x64
		{00C45E40-6C42-4085-B55D-5749283EBCFB}.Debug|x64.Build.0 = Debug|x64
		{00C45E40-6C42-4085-B55D-5749283EBCFB}.Debug|x86.ActiveCfg = Debug|Win32
		{00C45E40-6C42-4085-B55D-5749283EBCFB}.Debug|x86.Build.0 = Debug|Win32
		{00C45E40-6C42-4085-B55D-5749283EBCFB}.Release|x64.ActiveCfg = Release|x64
		{00C45E40-6C42-4085-B55D-5749283EBCFB}.Release|x64.Build.0 = Release|x64
		{00C45E40-6C42-4085-B55D-5749283EBCFB}.Release|x86.ActiveCfg = Release|Win32
		{00C45E40-6C42-4085-B55D-5749283EBCFB}.Release|x86.Build.0 = Release|Win32
		{2C833D9A-384D-4EFB-9337-45AD379EC959}.Debug|x64.ActiveCfg = Debug|x64
		{2C833D9A-384D-4EFB-9337-45AD379EC959}.Debug|x64.Build.0 = Debug|x64
		{2C833D9A-384D-4EFB-9337-45AD379EC959}.Debug|x86.ActiveCfg = Debug|Win32
		{2C833D9A-384D-4EFB-9337-45AD379EC959}.Debug|x86.Build.0 = Debug|Win32
		{2C833D9A-384D-4EFB-9337-45AD379EC959}.Release|x64.ActiveCfg = Release|x64
		{2C833D9A-384D-4EFB-9337-45AD379EC959}.Release|x64.Build.0 = Release|x64
		{2C833D9A-384D-4EFB-9337-45AD379EC959}.Release|x86.ActiveCfg = Release|Win32
		{2C833D9A-384D-4EFB-9337-45AD379EC959}.Release|x86.Build.0 = Release|Win32
		{0039CA90-6AD7-4C9D-A4FF-9579B7122BCE}.Debug|x64.ActiveCfg = Debug|x64
		{0039CA90-6AD7-4C9D-A4FF-9579B7122BCE}.Debug|x64.Build.0 = Debug|x64
		{0039CA90-6AD7-4C9D-A4FF-9579B7122BCE}.Debug|x86.ActiveCfg = Debug|Win32
		{0039CA90-6AD7-4C9D-A4FF-9579B7122BCE}.Debug|x86.Build.0 = Debug|Win32
		{0039CA90-6AD7-4C9D-A4FF-9579B7122BCE}.Release|x64.ActiveCfg = Release|x64
		{0039CA90-6AD7-4C9D-A4FF-9579B7122BCE}.Release|x64.Build.0 = Release|x64
		{0039CA90-6AD7-4C9D-A4FF-9579B7122BCE}.Release|x86.ActiveCfg = Release|Win32
		{0039CA90-6AD7-4C9D-A4FF-9579B7122BCE}.Release|x86.Build.0 = Release|Win32
		{0CD0F18E-B907-4E79-9F08-D702CAD980C2}.Debug|x64.ActiveCfg = Debug|x64
		{0CD0F18E-B907-4E79-9F08-D702CAD980C2}.Debug|x64.Build.0 = Debug|x64
		{0CD0F18E-B907-4E79-9F08-D702CAD980C2}.Debug|x86.ActiveCfg = Debug|Win32
		{0CD0F18E-B907-4E79-9F08-D702CAD980C2}.Debug|x86.Build.0 = Debug|Win32
		{0CD0F18E-B907-4E79-9F08-D702CAD980C2}.Release|x64.ActiveCfg = Release|x64
		{0CD0F18E-B907-4E79-9F08-D702CAD980C2}.Release|x64.Build.0 = Release|x64
		{0CD0F18E-B907-4E79-9F08-D702CAD980C2}.Release|x86.ActiveCfg = Release|Win32
		{0CD0F18E-B907-4E79-9F08-D702CAD980C2}.Release|x86.Build.0 = Release|Win32
		{625D5910-6CB1-4F3E-90ED-C0FACAD98B93}.Debug|x64.ActiveCfg = Debug|x64
		{625D5910-6CB1-4F3E-90ED-C0FACAD98B93}.Debug|x64.Build.0 = Debug|x64
		{625D5910-6CB1-4F3E-90ED-C0FACAD98B93}.Debug|x86.ActiveCfg = Debug|Win32
		{625D5910-6CB1-4F3E-90ED-C0FACAD98B93}.Debug|x86.Build.0 = Debug|Win32
		{625D5910-6CB1-4F3E-90ED-C0FACAD98B93}.Release|x64.ActiveCfg = Release|x64
		{625D5910-6CB1-4F3E-90ED-C0FACAD98B93}.Release|x64.Build.0 = Release|x64
		{625D5910-6CB1-4F3E-90ED-C0FACAD98B93}.Release|x86.ActiveCfg = Release|Win32
		{625D5910-6CB1-4F3E-90ED-C0FACAD98B93}.Release|x86.Build.0 = Release|Win32
		{28BE6483-FF46-424E-90D2-AAB266FB7427}.Debug|x64.ActiveCfg = Debug|x64
		{28BE6483-FF46-424E-90D2-AAB266FB7427}.Debug|x64.Build.0 = Debug|x64
		{28BE6483-FF46-424E-90D2-AAB266FB7427}.Debug|x86.ActiveCfg = Debug|Win32
		{28BE6483-FF46-424E-90D2-AAB266FB7427}.Debug|x86.Build.0 = Debug|Win32
		{28BE6483-FF46-424E-90D2-AAB266FB7427}.Release|x64.ActiveCfg = Release|x64
		{28BE6483-FF46-424E-90D2-AAB266FB7427}.Release|x64.Build.0 = Release|x64
		{28BE6483-FF46-424E-90D2-AAB266FB7427}.Release|x86.ActiveCfg = Release|Win32
		{28BE6483-FF46-424E-90D2-AAB266FB7427}.Release|x86.Build.0 = Release|Win32
		{CD8C1017-C381-4685-BC57-002469919736}.Debug|x64.ActiveCfg = Debug|x64
		{CD8C1017-C381-4685-BC57-002469919736}.Debug|x64.Build.0 = Debug|x64
		{CD8C1017-C381-4685-BC57-002469919736}.Debug|x86.ActiveCfg = Debug|Win32
		{CD8C1017-C381-4685-BC57-002469919736}.Debug|x86.Build.0 = Debug|Win32
		{CD8C1017-C381-4685-BC57-002469919736}.Release|x64.ActiveCfg = Release|x64
		{CD8C1017-C381-4685-BC57-002469919736}.Release|x64.Build.0 = Release|x64
		{CD8C1017-C381-4685-BC57-002469919736}.Release|x86.ActiveCfg = Release|Win32
		{CD8C1017-C381-4685-BC57-002469919736}.Release|x86.Build.0 = Release|Win32
		{5E60A172-D329-44A0-8AE3-09305BC8FBE7}.Debug|x64.ActiveCfg = Debug|x64
		{5E60A172-D329-44A0-8AE3-09305BC8FBE7}.Debug|x64.Build.0 = Debug|x64
		{5E60A172-D329-44A0-8AE3-09305BC8FBE7}.Debug|x86.ActiveCfg = Debug|Win32
		{5E60A172-D329-44A0-8AE3-09305BC8FBE7}.Debug|x86.Build.0 = Debug|Win32
		{5E60A172-D329-44A0-8AE3-09305BC8FBE7}.Release|x64.ActiveCfg = Release|x64
		{5E60A172-D329-44A0-8AE3-09305BC8FBE7}.Release|x64.Build.0 = Release|x64
		{5E60A172-D329-44A0-8AE3-09305BC8FBE7}.Release|x86.ActiveCfg = Release|Win32
		{5E60A172-D329-44A0-8AE3-09305BC8FBE7}.Release|x86.Build.0 = Release|Win32
	EndGlobalSection
	GlobalSection(SolutionProperties) = preSolution
		HideSolutionNode = FALSE
	EndGlobalSection
	GlobalSection(ExtensibilityGlobals) = postSolution
		SolutionGuid = {E9338117-B112-435E-ADC5-3E6834FC945C}
	EndGlobalSection
EndGlobal
